
Microsoft Visual Studio Solution File, Format Version 12.00
# Visual Studio Version 17
VisualStudioVersion = 17.2.32526.322
MinimumVisualStudioVersion = 10.0.40219.1
Project("{FAE04EC0-301F-11D3-BF4B-00C04F79EFBC}") = "Publisher", "Publisher\Publisher.csproj", "{DE49EDD5-B5A1-49CF-BA46-7A898474D4C9}"
EndProject
Project("{FAE04EC0-301F-11D3-BF4B-00C04F79EFBC}") = "Consumer", "Consumer\Consumer.csproj", "{436ED97E-F0F9-4A66-B19E-A72ADD6DCD37}"
EndProject
Project("{FAE04EC0-301F-11D3-BF4B-00C04F79EFBC}") = "Producer", "Producer\Producer.csproj", "{9ABCAF21-05AD-4ABB-ABBC-A7561526E90E}"
EndProject
Global
	GlobalSection(SolutionConfigurationPlatforms) = preSolution
		Debug|Any CPU = Debug|Any CPU
		Release|Any CPU = Release|Any CPU
	EndGlobalSection
	GlobalSection(ProjectConfigurationPlatforms) = postSolution
		{DE49EDD5-B5A1-49CF-BA46-7A898474D4C9}.Debug|Any CPU.ActiveCfg = Debug|Any CPU
		{DE49EDD5-B5A1-49CF-BA46-7A898474D4C9}.Debug|Any CPU.Build.0 = Debug|Any CPU
		{DE49EDD5-B5A1-49CF-BA46-7A898474D4C9}.Release|Any CPU.ActiveCfg = Release|Any CPU
		{DE49EDD5-B5A1-49CF-BA46-7A898474D4C9}.Release|Any CPU.Build.0 = Release|Any CPU
		{436ED97E-F0F9-4A66-B19E-A72ADD6DCD37}.Debug|Any CPU.ActiveCfg = Debug|Any CPU
		{436ED97E-F0F9-4A66-B19E-A72ADD6DCD37}.Debug|Any CPU.Build.0 = Debug|Any CPU
		{436ED97E-F0F9-4A66-B19E-A72ADD6DCD37}.Release|Any CPU.ActiveCfg = Release|Any CPU
		{436ED97E-F0F9-4A66-B19E-A72ADD6DCD37}.Release|Any CPU.Build.0 = Release|Any CPU
		{9ABCAF21-05AD-4ABB-ABBC-A7561526E90E}.Debug|Any CPU.ActiveCfg = Debug|Any CPU
		{9ABCAF21-05AD-4ABB-ABBC-A7561526E90E}.Debug|Any CPU.Build.0 = Debug|Any CPU
		{9ABCAF21-05AD-4ABB-ABBC-A7561526E90E}.Release|Any CPU.ActiveCfg = Release|Any CPU
		{9ABCAF21-05AD-4ABB-ABBC-A7561526E90E}.Release|Any CPU.Build.0 = Release|Any CPU
	EndGlobalSection
	GlobalSection(SolutionProperties) = preSolution
		HideSolutionNode = FALSE
	EndGlobalSection
	GlobalSection(ExtensibilityGlobals) = postSolution
		SolutionGuid = {DA41F798-87A1-4EB1-9BCC-2D0E4A70DF42}
	EndGlobalSection
EndGlobal
